{
  "name": "playwright-listing-marker-noncode-042",
  "lockfileVersion": 3,
  "requires": true,
  "packages": {
    "": {
      "name": "playwright-listing-marker-noncode-042",
      "devDependencies": {
        "@mergifyio/playwright": "0.4.2",
        "@playwright/test": "1.62.1"
      }
    },
    "node_modules/@mergifyio/ci-core": {
      "version": "0.4.2",
      "resolved": "https://registry.npmjs.org/@mergifyio/ci-core/-/ci-core-0.4.2.tgz",
      "integrity": "sha512-F5nSnIssRF+oazDGzUsePv2M/Rt4R1tFlq0aNWrHDoryUyf7K4S/Ng+Hg4QNqQBZNp/axXUZpUo9WGDkytXdNg==",
      "dev": true,
      "license": "Apache-2.0",
      "dependencies": {
        "@mergifyio/ci-native": "0.4.2"
      },
      "engines": {
        "node": ">=22.0.0"
      }
    },
    "node_modules/@mergifyio/ci-native": {
      "version": "0.4.2",
      "resolved": "https://registry.npmjs.org/@mergifyio/ci-native/-/ci-native-0.4.2.tgz",
      "integrity": "sha512-A/D7SqTjMcL3l8czt88QNzHluzdKTU4lmC7l2wynSiUqmscNVBfNB5iUaBRHly9ANfbc/Z8UdOuLTM3Fqyrf8Q==",
      "dev": true,
      "license": "Apache-2.0",
      "engines": {
        "node": ">=22.0.0"
      },
      "optionalDependencies": {
        "@mergifyio/ci-native-darwin-arm64": "0.4.2",
        "@mergifyio/ci-native-darwin-x64": "0.4.2",
        "@mergifyio/ci-native-linux-arm64-gnu": "0.4.2",
        "@mergifyio/ci-native-linux-arm64-musl": "0.4.2",
        "@mergifyio/ci-native-linux-x64-gnu": "0.4.2",
        "@mergifyio/ci-native-linux-x64-musl": "0.4.2",
        "@mergifyio/ci-native-win32-x64-msvc": "0.4.2"
      }
    },
    "node_modules/@mergifyio/ci-native-darwin-arm64": {
      "version": "0.4.2",
      "resolved": "https://registry.npmjs.org/@mergifyio/ci-native-darwin-arm64/-/ci-native-darwin-arm64-0.4.2.tgz",
      "integrity": "sha512-+G0FYENzMOqbXhdRelR8Js5Q0Sd6sa1CdsMEXJ/AfHiwFANTAZQMyzY/Q8lb+T/o9fpmWnYa6jXnAD50SMkZNA==",
      "cpu": [
        "arm64"
      ],
      "dev": true,
      "license": "Apache-2.0",
      "optional": true,
      "os": [
        "darwin"
      ],
      "engines": {
        "node": ">=22.0.0"
      }
    },
    "node_modules/@mergifyio/ci-native-darwin-x64": {
      "version": "0.4.2",
      "resolved": "https://registry.npmjs.org/@mergifyio/ci-native-darwin-x64/-/ci-native-darwin-x64-0.4.2.tgz",
      "integrity": "sha512-i15nmKHMWorUmFLIdPEzq9CFU97mA1sWke7SHkPzfJp9j0luOXjx4K28kJ5m9ZOjZb/7tOAY4K3LPWjtwfm4sw==",
      "cpu": [
        "x64"
      ],
      "dev": true,
      "license": "Apache-2.0",
      "optional": true,
      "os": [
        "darwin"
      ],
      "engines": {
        "node": ">=22.0.0"
      }
    },
    "node_modules/@mergifyio/ci-native-linux-arm64-gnu": {
      "version": "0.4.2",
      "resolved": "https://registry.npmjs.org/@mergifyio/ci-native-linux-arm64-gnu/-/ci-native-linux-arm64-gnu-0.4.2.tgz",
      "integrity": "sha512-jenfSc6u0QzdNxwrpES01LylKfG0akkmRC3C2Qwl8Ol6+3aE+K0PuFc1fvpsp6svJJWZ88mTqif6xUHYJtYyaQ==",
      "cpu": [
        "arm64"
      ],
      "dev": true,
      "license": "Apache-2.0",
      "optional": true,
      "os": [
        "linux"
      ],
      "engines": {
        "node": ">=22.0.0"
      }
    },
    "node_modules/@mergifyio/ci-native-linux-arm64-musl": {
      "version": "0.4.2",
      "resolved": "https://registry.npmjs.org/@mergifyio/ci-native-linux-arm64-musl/-/ci-native-linux-arm64-musl-0.4.2.tgz",
      "integrity": "sha512-V7ofMbmnfc4wkqVhpW2HMfcU9bkURpo2cJt/9nvNWkrML8GxT5iX0JbBCfeP54FhC93MC1r1fCzM/eI6aI2SwA==",
      "cpu": [
        "arm64"
      ],
      "dev": true,
      "license": "Apache-2.0",
      "optional": true,
      "os": [
        "linux"
      ],
      "engines": {
        "node": ">=22.0.0"
      }
    },
    "node_modules/@mergifyio/ci-native-linux-x64-gnu": {
      "version": "0.4.2",
      "resolved": "https://registry.npmjs.org/@mergifyio/ci-native-linux-x64-gnu/-/ci-native-linux-x64-gnu-0.4.2.tgz",
      "integrity": "sha512-Gfnu5TTPUG7LWTdToplWsBCrS422ANW9fpyD64kgKBEoahO+/OyPdPcoWypjMJaLyGW3kIfGCi8Mm4wsamGb+w==",
      "cpu": [
        "x64"
      ],
      "dev": true,
      "license": "Apache-2.0",
      "optional": true,
      "os": [
        "linux"
      ],
      "engines": {
        "node": ">=22.0.0"
      }
    },
    "node_modules/@mergifyio/ci-native-linux-x64-musl": {
      "version": "0.4.2",
      "resolved": "https://registry.npmjs.org/@mergifyio/ci-native-linux-x64-musl/-/ci-native-linux-x64-musl-0.4.2.tgz",
      "integrity": "sha512-FN2Bg5UHUsU4AdI4Rqvi3u0u2/PHx3RcmUUMhnjdMW3udicDdG0QgmxT9jnq/hAyybQvbjvRRFzH16GpgEUODg==",
      "cpu": [
        "x64"
      ],
      "dev": true,
      "license": "Apache-2.0",
      "optional": true,
      "os": [
        "linux"
      ],
      "engines": {
        "node": ">=22.0.0"
      }
    },
    "node_modules/@mergifyio/ci-native-win32-x64-msvc": {
      "version": "0.4.2",
      "resolved": "https://registry.npmjs.org/@mergifyio/ci-native-win32-x64-msvc/-/ci-native-win32-x64-msvc-0.4.2.tgz",
      "integrity": "sha512-KHAQpNo4/M0xZRWpQ289qUDvAVBH+vEzriLQEj+HAHsWJ6w3BaEVf135klF+QibHqB3k2yXi8EVcLhedqk3meQ==",
      "cpu": [
        "x64"
      ],
      "dev": true,
      "license": "Apache-2.0",
      "optional": true,
      "os": [
        "win32"
      ],
      "engines": {
        "node": ">=22.0.0"
      }
    },
    "node_modules/@mergifyio/playwright": {
      "version": "0.4.2",
      "resolved": "https://registry.npmjs.org/@mergifyio/playwright/-/playwright-0.4.2.tgz",
      "integrity": "sha512-O0+jUln8dpDjFVeS8bDIgjBMQpD3CROzD7m0rnmGIbw4AftGAWNMfmixlWioUw6l30o0m2MOYFVlGFnl8vKxZg==",
      "dev": true,
      "license": "Apache-2.0",
      "dependencies": {
        "@mergifyio/ci-core": "0.4.2"
      },
      "engines": {
        "node": ">=22.0.0"
      },
      "peerDependencies": {
        "@playwright/test": ">=1.56.0"
      }
    },
    "node_modules/@playwright/test": {
      "version": "1.62.1",
      "resolved": "https://registry.npmjs.org/@playwright/test/-/test-1.62.1.tgz",
      "integrity": "sha512-DTcUc8qii+cpHvtOwggMtBRMjKZHXYWdw8syRYu2vtzuq4Wxphqq4NfCs5Zt44L6mA8rfDfj+PHnxFc/FeK6mQ==",
      "dev": true,
      "license": "Apache-2.0",
      "dependencies": {
        "playwright": "1.62.1"
      },
      "bin": {
        "playwright": "cli.js"
      },
      "engines": {
        "node": ">=20"
      }
    },
    "node_modules/fsevents": {
      "version": "2.3.2",
      "resolved": "https://registry.npmjs.org/fsevents/-/fsevents-2.3.2.tgz",
      "integrity": "sha512-xiqMQR4xAeHTuB9uWm+fFRcIOgKBMiOBP+eXiyT7jsgVCq1bkVygt00oASowB7EdtpOHaaPgKt812P9ab+DDKA==",
      "dev": true,
      "hasInstallScript": true,
      "license": "MIT",
      "optional": true,
      "os": [
        "darwin"
      ],
      "engines": {
        "node": "^8.16.0 || ^10.6.0 || >=11.0.0"
      }
    },
    "node_modules/playwright": {
      "version": "1.62.1",
      "resolved": "https://registry.npmjs.org/playwright/-/playwright-1.62.1.tgz",
      "integrity": "sha512-0M+L3LAD8/nm554LOla9Ayx0j0tmFZ0FBcoQ7F1VuVHpM/XpiC8RcDzBQB8W5+hA8L22THxELzeF+2WcUzvcLg==",
      "dev": true,
      "license": "Apache-2.0",
      "dependencies": {
        "playwright-core": "1.62.1"
      },
      "bin": {
        "playwright": "cli.js"
      },
      "engines": {
        "node": ">=20"
      },
      "optionalDependencies": {
        "fsevents": "2.3.2"
      }
    },
    "node_modules/playwright-core": {
      "version": "1.62.1",
      "resolved": "https://registry.npmjs.org/playwright-core/-/playwright-core-1.62.1.tgz",
      "integrity": "sha512-wPYSwEBJY9GHraISXqyqtx0na0LpO3XEX7jNDhntbex7tzUS7kLnZsOlFruFJB4Hi/rhDMjXGqHewDZ68nYZVw==",
      "dev": true,
      "license": "Apache-2.0",
      "bin": {
        "playwright-core": "cli.js"
      },
      "engines": {
        "node": ">=20"
      }
    }
  }
}
